
Microsoft Visual Studio Solution File, Format Version 12.00
# Visual Studio Version 17
VisualStudioVersion = 17.14.36121.58 d17.14
MinimumVisualStudioVersion = 10.0.40219.1
Project("{FAE04EC0-301F-11D3-BF4B-00C04F79EFBC}") = "users", "users\users.csproj", "{1796C79C-80F7-4C7B-A833-B88CC5399700}"
EndProject
Project("{FAE04EC0-301F-11D3-BF4B-00C04F79EFBC}") = "users.api", "users.api\users.api.csproj", "{57AAC2F9-63EF-496E-940C-17688427E922}"
EndProject
Project("{FAE04EC0-301F-11D3-BF4B-00C04F79EFBC}") = "users.bll", "users.bll\users.bll.csproj", "{A5653CDA-88E9-43E3-AD07-372C9F4DC0A9}"
EndProject
Project("{FAE04EC0-301F-11D3-BF4B-00C04F79EFBC}") = "users.dal", "users.dal\users.dal.csproj", "{5ED20BCA-D52E-4598-883D-BAF8B75C60E8}"
EndProject
Project("{FAE04EC0-301F-11D3-BF4B-00C04F79EFBC}") = "users.core", "users.core\users.core.csproj", "{E0B165BD-D00D-4BE0-9E37-AA8972B9ED83}"
EndProject
Global
	GlobalSection(SolutionConfigurationPlatforms) = preSolution
		Debug|Any CPU = Debug|Any CPU
		Release|Any CPU = Release|Any CPU
	EndGlobalSection
	GlobalSection(ProjectConfigurationPlatforms) = postSolution
		{1796C79C-80F7-4C7B-A833-B88CC5399700}.Debug|Any CPU.ActiveCfg = Debug|Any CPU
		{1796C79C-80F7-4C7B-A833-B88CC5399700}.Debug|Any CPU.Build.0 = Debug|Any CPU
		{1796C79C-80F7-4C7B-A833-B88CC5399700}.Release|Any CPU.ActiveCfg = Release|Any CPU
		{1796C79C-80F7-4C7B-A833-B88CC5399700}.Release|Any CPU.Build.0 = Release|Any CPU
		{57AAC2F9-63EF-496E-940C-17688427E922}.Debug|Any CPU.ActiveCfg = Debug|Any CPU
		{57AAC2F9-63EF-496E-940C-17688427E922}.Debug|Any CPU.Build.0 = Debug|Any CPU
		{57AAC2F9-63EF-496E-940C-17688427E922}.Release|Any CPU.ActiveCfg = Release|Any CPU
		{57AAC2F9-63EF-496E-940C-17688427E922}.Release|Any CPU.Build.0 = Release|Any CPU
		{A5653CDA-88E9-43E3-AD07-372C9F4DC0A9}.Debug|Any CPU.ActiveCfg = Debug|Any CPU
		{A5653CDA-88E9-43E3-AD07-372C9F4DC0A9}.Debug|Any CPU.Build.0 = Debug|Any CPU
		{A5653CDA-88E9-43E3-AD07-372C9F4DC0A9}.Release|Any CPU.ActiveCfg = Release|Any CPU
		{A5653CDA-88E9-43E3-AD07-372C9F4DC0A9}.Release|Any CPU.Build.0 = Release|Any CPU
		{5ED20BCA-D52E-4598-883D-BAF8B75C60E8}.Debug|Any CPU.ActiveCfg = Debug|Any CPU
		{5ED20BCA-D52E-4598-883D-BAF8B75C60E8}.Debug|Any CPU.Build.0 = Debug|Any CPU
		{5ED20BCA-D52E-4598-883D-BAF8B75C60E8}.Release|Any CPU.ActiveCfg = Release|Any CPU
		{5ED20BCA-D52E-4598-883D-BAF8B75C60E8}.Release|Any CPU.Build.0 = Release|Any CPU
		{E0B165BD-D00D-4BE0-9E37-AA8972B9ED83}.Debug|Any CPU.ActiveCfg = Debug|Any CPU
		{E0B165BD-D00D-4BE0-9E37-AA8972B9ED83}.Debug|Any CPU.Build.0 = Debug|Any CPU
		{E0B165BD-D00D-4BE0-9E37-AA8972B9ED83}.Release|Any CPU.ActiveCfg = Release|Any CPU
		{E0B165BD-D00D-4BE0-9E37-AA8972B9ED83}.Release|Any CPU.Build.0 = Release|Any CPU
	EndGlobalSection
	GlobalSection(SolutionProperties) = preSolution
		HideSolutionNode = FALSE
	EndGlobalSection
	GlobalSection(ExtensibilityGlobals) = postSolution
		SolutionGuid = {4C234989-00A8-4DC0-B594-865DB5DFC063}
	EndGlobalSection
EndGlobal
