
Microsoft Visual Studio Solution File, Format Version 12.00
# Visual Studio Version 17
VisualStudioVersion = 17.14.36121.58 d17.14
MinimumVisualStudioVersion = 10.0.40219.1
Project("{FAE04EC0-301F-11D3-BF4B-00C04F79EFBC}") = "StoreManagementSystem", "StoreManagementSystem\StoreManagementSystem.csproj", "{B6D33203-5D07-466C-9469-53FE606C3326}"
EndProject
Global
	GlobalSection(SolutionConfigurationPlatforms) = preSolution
		Debug|Any CPU = Debug|Any CPU
		Release|Any CPU = Release|Any CPU
	EndGlobalSection
	GlobalSection(ProjectConfigurationPlatforms) = postSolution
		{B6D33203-5D07-466C-9469-53FE606C3326}.Debug|Any CPU.ActiveCfg = Debug|Any CPU
		{B6D33203-5D07-466C-9469-53FE606C3326}.Debug|Any CPU.Build.0 = Debug|Any CPU
		{B6D33203-5D07-466C-9469-53FE606C3326}.Release|Any CPU.ActiveCfg = Release|Any CPU
		{B6D33203-5D07-466C-9469-53FE606C3326}.Release|Any CPU.Build.0 = Release|Any CPU
	EndGlobalSection
	GlobalSection(SolutionProperties) = preSolution
		HideSolutionNode = FALSE
	EndGlobalSection
	GlobalSection(ExtensibilityGlobals) = postSolution
		SolutionGuid = {8B064E26-70CC-4EAC-AD40-34ADCA6C53EC}
	EndGlobalSection
EndGlobal
